// !$*UTF8*$!
{
	archiveVersion = 1;
	classes = {
	};
	objectVersion = 46;
	objects = {

/* Begin PBXBuildFile section */
		2EB784A51F5EA8C80086549C /* main.m in Sources */ = {isa = PBXBuildFile; fileRef = 2EB784A41F5EA8C80086549C /* main.m */; };
		2EB784AE1F5EA8C80086549C /* Main.storyboard in Resources */ = {isa = PBXBuildFile; fileRef = 2EB784AC1F5EA8C80086549C /* Main.storyboard */; };
		2EB784B01F5EA8C80086549C /* Assets.xcassets in Resources */ = {isa = PBXBuildFile; fileRef = 2EB784AF1F5EA8C80086549C /* Assets.xcassets */; };
		2EB784B31F5EA8C80086549C /* LaunchScreen.storyboard in Resources */ = {isa = PBXBuildFile; fileRef = 2EB784B11F5EA8C80086549C /* LaunchScreen.storyboard */; };
		2EB784BE1F5EA8C80086549C /* TableViewIndexTests.m in Sources */ = {isa = PBXBuildFile; fileRef = 2EB784BD1F5EA8C80086549C /* TableViewIndexTests.m */; };
		2EB784C91F5EA8C80086549C /* TableViewIndexUITests.m in Sources */ = {isa = PBXBuildFile; fileRef = 2EB784C81F5EA8C80086549C /* TableViewIndexUITests.m */; };
		2EB784DB1F5EA9040086549C /* SectionIndexItem.m in Sources */ = {isa = PBXBuildFile; fileRef = 2EB784D81F5EA9040086549C /* SectionIndexItem.m */; };
		2EB784DC1F5EA9040086549C /* SectionIndexView.m in Sources */ = {isa = PBXBuildFile; fileRef = 2EB784DA1F5EA9040086549C /* SectionIndexView.m */; };
		2EB784E31F5EA92F0086549C /* AppDelegate.m in Sources */ = {isa = PBXBuildFile; fileRef = 2EB784DF1F5EA92F0086549C /* AppDelegate.m */; };
		2EB784E41F5EA92F0086549C /* ViewController.m in Sources */ = {isa = PBXBuildFile; fileRef = 2EB784E21F5EA92F0086549C /* ViewController.m */; };
		2EB784E61F5FAD600086549C /* friends.plist in Resources */ = {isa = PBXBuildFile; fileRef = 2EB784E51F5FAD600086549C /* friends.plist */; };
		2EB784E91F5FADE10086549C /* FriendModel.m in Sources */ = {isa = PBXBuildFile; fileRef = 2EB784E81F5FADE10086549C /* FriendModel.m */; };
		2EB785001F5FAE340086549C /* MJExtensionConst.m in Sources */ = {isa = PBXBuildFile; fileRef = 2EB784ED1F5FAE340086549C /* MJExtensionConst.m */; };
		2EB785011F5FAE340086549C /* MJFoundation.m in Sources */ = {isa = PBXBuildFile; fileRef = 2EB784EF1F5FAE340086549C /* MJFoundation.m */; };
		2EB785021F5FAE340086549C /* MJProperty.m in Sources */ = {isa = PBXBuildFile; fileRef = 2EB784F11F5FAE340086549C /* MJProperty.m */; };
		2EB785031F5FAE340086549C /* MJPropertyKey.m in Sources */ = {isa = PBXBuildFile; fileRef = 2EB784F31F5FAE340086549C /* MJPropertyKey.m */; };
		2EB785041F5FAE340086549C /* MJPropertyType.m in Sources */ = {isa = PBXBuildFile; fileRef = 2EB784F51F5FAE340086549C /* MJPropertyType.m */; };
		2EB785051F5FAE340086549C /* NSObject+MJClass.m in Sources */ = {isa = PBXBuildFile; fileRef = 2EB784F71F5FAE340086549C /* NSObject+MJClass.m */; };
		2EB785061F5FAE340086549C /* NSObject+MJCoding.m in Sources */ = {isa = PBXBuildFile; fileRef = 2EB784F91F5FAE340086549C /* NSObject+MJCoding.m */; };
		2EB785071F5FAE340086549C /* NSObject+MJKeyValue.m in Sources */ = {isa = PBXBuildFile; fileRef = 2EB784FB1F5FAE340086549C /* NSObject+MJKeyValue.m */; };
		2EB785081F5FAE340086549C /* NSObject+MJProperty.m in Sources */ = {isa = PBXBuildFile; fileRef = 2EB784FD1F5FAE340086549C /* NSObject+MJProperty.m */; };
		2EB785091F5FAE340086549C /* NSString+MJExtension.m in Sources */ = {isa = PBXBuildFile; fileRef = 2EB784FF1F5FAE340086549C /* NSString+MJExtension.m */; };
		2EB7850C1F5FAEB20086549C /* THDepModelTool.m in Sources */ = {isa = PBXBuildFile; fileRef = 2EB7850B1F5FAEB20086549C /* THDepModelTool.m */; };
/* End PBXBuildFile section */

/* Begin PBXContainerItemProxy section */
		2EB784BA1F5EA8C80086549C /* PBXContainerItemProxy */ = {
			isa = PBXContainerItemProxy;
			containerPortal = 2EB784981F5EA8C80086549C /* Project object */;
			proxyType = 1;
			remoteGlobalIDString = 2EB7849F1F5EA8C80086549C;
			remoteInfo = TableViewIndex;
		};
		2EB784C51F5EA8C80086549C /* PBXContainerItemProxy */ = {
			isa = PBXContainerItemProxy;
			containerPortal = 2EB784981F5EA8C80086549C /* Project object */;
			proxyType = 1;
			remoteGlobalIDString = 2EB7849F1F5EA8C80086549C;
			remoteInfo = TableViewIndex;
		};
/* End PBXContainerItemProxy section */

/* Begin PBXFileReference section */
		2EB784A01F5EA8C80086549C /* TableViewIndex.app */ = {isa = PBXFileReference; explicitFileType = wrapper.application; includeInIndex = 0; path = TableViewIndex.app; sourceTree = BUILT_PRODUCTS_DIR; };
		2EB784A41F5EA8C80086549C /* main.m */ = {isa = PBXFileReference; lastKnownFileType = sourcecode.c.objc; path = main.m; sourceTree = "<group>"; };
		2EB784AD1F5EA8C80086549C /* Base */ = {isa = PBXFileReference; lastKnownFileType = file.storyboard; name = Base; path = Base.lproj/Main.storyboard; sourceTree = "<group>"; };
		2EB784AF1F5EA8C80086549C /* Assets.xcassets */ = {isa = PBXFileReference; lastKnownFileType = folder.assetcatalog; path = Assets.xcassets; sourceTree = "<group>"; };
		2EB784B21F5EA8C80086549C /* Base */ = {isa = PBXFileReference; lastKnownFileType = file.storyboard; name = Base; path = Base.lproj/LaunchScreen.storyboard; sourceTree = "<group>"; };
		2EB784B41F5EA8C80086549C /* Info.plist */ = {isa = PBXFileReference; lastKnownFileType = text.plist.xml; path = Info.plist; sourceTree = "<group>"; };
		2EB784B91F5EA8C80086549C /* TableViewIndexTests.xctest */ = {isa = PBXFileReference; explicitFileType = wrapper.cfbundle; includeInIndex = 0; path = TableViewIndexTests.xctest; sourceTree = BUILT_PRODUCTS_DIR; };
		2EB784BD1F5EA8C80086549C /* TableViewIndexTests.m */ = {isa = PBXFileReference; lastKnownFileType = sourcecode.c.objc; path = TableViewIndexTests.m; sourceTree = "<group>"; };
		2EB784BF1F5EA8C80086549C /* Info.plist */ = {isa = PBXFileReference; lastKnownFileType = text.plist.xml; path = Info.plist; sourceTree = "<group>"; };
		2EB784C41F5EA8C80086549C /* TableViewIndexUITests.xctest */ = {isa = PBXFileReference; explicitFileType = wrapper.cfbundle; includeInIndex = 0; path = TableViewIndexUITests.xctest; sourceTree = BUILT_PRODUCTS_DIR; };
		2EB784C81F5EA8C80086549C /* TableViewIndexUITests.m */ = {isa = PBXFileReference; lastKnownFileType = sourcecode.c.objc; path = TableViewIndexUITests.m; sourceTree = "<group>"; };
		2EB784CA1F5EA8C80086549C /* Info.plist */ = {isa = PBXFileReference; lastKnownFileType = text.plist.xml; path = Info.plist; sourceTree = "<group>"; };
		2EB784D71F5EA9040086549C /* SectionIndexItem.h */ = {isa = PBXFileReference; fileEncoding = 4; lastKnownFileType = sourcecode.c.h; path = SectionIndexItem.h; sourceTree = "<group>"; };
		2EB784D81F5EA9040086549C /* SectionIndexItem.m */ = {isa = PBXFileReference; fileEncoding = 4; lastKnownFileType = sourcecode.c.objc; path = SectionIndexItem.m; sourceTree = "<group>"; };
		2EB784D91F5EA9040086549C /* SectionIndexView.h */ = {isa = PBXFileReference; fileEncoding = 4; lastKnownFileType = sourcecode.c.h; path = SectionIndexView.h; sourceTree = "<group>"; };
		2EB784DA1F5EA9040086549C /* SectionIndexView.m */ = {isa = PBXFileReference; fileEncoding = 4; lastKnownFileType = sourcecode.c.objc; path = SectionIndexView.m; sourceTree = "<group>"; };
		2EB784DE1F5EA92F0086549C /* AppDelegate.h */ = {isa = PBXFileReference; fileEncoding = 4; lastKnownFileType = sourcecode.c.h; path = AppDelegate.h; sourceTree = "<group>"; };
		2EB784DF1F5EA92F0086549C /* AppDelegate.m */ = {isa = PBXFileReference; fileEncoding = 4; lastKnownFileType = sourcecode.c.objc; path = AppDelegate.m; sourceTree = "<group>"; };
		2EB784E11F5EA92F0086549C /* ViewController.h */ = {isa = PBXFileReference; fileEncoding = 4; lastKnownFileType = sourcecode.c.h; path = ViewController.h; sourceTree = "<group>"; };
		2EB784E21F5EA92F0086549C /* ViewController.m */ = {isa = PBXFileReference; fileEncoding = 4; lastKnownFileType = sourcecode.c.objc; path = ViewController.m; sourceTree = "<group>"; };
		2EB784E51F5FAD600086549C /* friends.plist */ = {isa = PBXFileReference; fileEncoding = 4; lastKnownFileType = text.plist.xml; path = friends.plist; sourceTree = "<group>"; };
		2EB784E71F5FADE10086549C /* FriendModel.h */ = {isa = PBXFileReference; fileEncoding = 4; lastKnownFileType = sourcecode.c.h; path = FriendModel.h; sourceTree = "<group>"; };
		2EB784E81F5FADE10086549C /* FriendModel.m */ = {isa = PBXFileReference; fileEncoding = 4; lastKnownFileType = sourcecode.c.objc; path = FriendModel.m; sourceTree = "<group>"; };
		2EB784EB1F5FAE340086549C /* MJExtension.h */ = {isa = PBXFileReference; fileEncoding = 4; lastKnownFileType = sourcecode.c.h; path = MJExtension.h; sourceTree = "<group>"; };
		2EB784EC1F5FAE340086549C /* MJExtensionConst.h */ = {isa = PBXFileReference; fileEncoding = 4; lastKnownFileType = sourcecode.c.h; path = MJExtensionConst.h; sourceTree = "<group>"; };
		2EB784ED1F5FAE340086549C /* MJExtensionConst.m */ = {isa = PBXFileReference; fileEncoding = 4; lastKnownFileType = sourcecode.c.objc; path = MJExtensionConst.m; sourceTree = "<group>"; };
		2EB784EE1F5FAE340086549C /* MJFoundation.h */ = {isa = PBXFileReference; fileEncoding = 4; lastKnownFileType = sourcecode.c.h; path = MJFoundation.h; sourceTree = "<group>"; };
		2EB784EF1F5FAE340086549C /* MJFoundation.m */ = {isa = PBXFileReference; fileEncoding = 4; lastKnownFileType = sourcecode.c.objc; path = MJFoundation.m; sourceTree = "<group>"; };
		2EB784F01F5FAE340086549C /* MJProperty.h */ = {isa = PBXFileReference; fileEncoding = 4; lastKnownFileType = sourcecode.c.h; path = MJProperty.h; sourceTree = "<group>"; };
		2EB784F11F5FAE340086549C /* MJProperty.m */ = {isa = PBXFileReference; fileEncoding = 4; lastKnownFileType = sourcecode.c.objc; path = MJProperty.m; sourceTree = "<group>"; };
		2EB784F21F5FAE340086549C /* MJPropertyKey.h */ = {isa = PBXFileReference; fileEncoding = 4; lastKnownFileType = sourcecode.c.h; path = MJPropertyKey.h; sourceTree = "<group>"; };
		2EB784F31F5FAE340086549C /* MJPropertyKey.m */ = {isa = PBXFileReference; fileEncoding = 4; lastKnownFileType = sourcecode.c.objc; path = MJPropertyKey.m; sourceTree = "<group>"; };
		2EB784F41F5FAE340086549C /* MJPropertyType.h */ = {isa = PBXFileReference; fileEncoding = 4; lastKnownFileType = sourcecode.c.h; path = MJPropertyType.h; sourceTree = "<group>"; };
		2EB784F51F5FAE340086549C /* MJPropertyType.m */ = {isa = PBXFileReference; fileEncoding = 4; lastKnownFileType = sourcecode.c.objc; path = MJPropertyType.m; sourceTree = "<group>"; };
		2EB784F61F5FAE340086549C /* NSObject+MJClass.h */ = {isa = PBXFileReference; fileEncoding = 4; lastKnownFileType = sourcecode.c.h; path = "NSObject+MJClass.h"; sourceTree = "<group>"; };
		2EB784F71F5FAE340086549C /* NSObject+MJClass.m */ = {isa = PBXFileReference; fileEncoding = 4; lastKnownFileType = sourcecode.c.objc; path = "NSObject+MJClass.m"; sourceTree = "<group>"; };
		2EB784F81F5FAE340086549C /* NSObject+MJCoding.h */ = {isa = PBXFileReference; fileEncoding = 4; lastKnownFileType = sourcecode.c.h; path = "NSObject+MJCoding.h"; sourceTree = "<group>"; };
		2EB784F91F5FAE340086549C /* NSObject+MJCoding.m */ = {isa = PBXFileReference; fileEncoding = 4; lastKnownFileType = sourcecode.c.objc; path = "NSObject+MJCoding.m"; sourceTree = "<group>"; };
		2EB784FA1F5FAE340086549C /* NSObject+MJKeyValue.h */ = {isa = PBXFileReference; fileEncoding = 4; lastKnownFileType = sourcecode.c.h; path = "NSObject+MJKeyValue.h"; sourceTree = "<group>"; };
		2EB784FB1F5FAE340086549C /* NSObject+MJKeyValue.m */ = {isa = PBXFileReference; fileEncoding = 4; lastKnownFileType = sourcecode.c.objc; path = "NSObject+MJKeyValue.m"; sourceTree = "<group>"; };
		2EB784FC1F5FAE340086549C /* NSObject+MJProperty.h */ = {isa = PBXFileReference; fileEncoding = 4; lastKnownFileType = sourcecode.c.h; path = "NSObject+MJProperty.h"; sourceTree = "<group>"; };
		2EB784FD1F5FAE340086549C /* NSObject+MJProperty.m */ = {isa = PBXFileReference; fileEncoding = 4; lastKnownFileType = sourcecode.c.objc; path = "NSObject+MJProperty.m"; sourceTree = "<group>"; };
		2EB784FE1F5FAE340086549C /* NSString+MJExtension.h */ = {isa = PBXFileReference; fileEncoding = 4; lastKnownFileType = sourcecode.c.h; path = "NSString+MJExtension.h"; sourceTree = "<group>"; };
		2EB784FF1F5FAE340086549C /* NSString+MJExtension.m */ = {isa = PBXFileReference; fileEncoding = 4; lastKnownFileType = sourcecode.c.objc; path = "NSString+MJExtension.m"; sourceTree = "<group>"; };
		2EB7850A1F5FAEB20086549C /* THDepModelTool.h */ = {isa = PBXFileReference; fileEncoding = 4; lastKnownFileType = sourcecode.c.h; path = THDepModelTool.h; sourceTree = "<group>"; };
		2EB7850B1F5FAEB20086549C /* THDepModelTool.m */ = {isa = PBXFileReference; fileEncoding = 4; lastKnownFileType = sourcecode.c.objc; path = THDepModelTool.m; sourceTree = "<group>"; };
/* End PBXFileReference section */

/* Begin PBXFrameworksBuildPhase section */
		2EB7849D1F5EA8C80086549C /* Frameworks */ = {
			isa = PBXFrameworksBuildPhase;
			buildActionMask = 2147483647;
			files = (
			);
			runOnlyForDeploymentPostprocessing = 0;
		};
		2EB784B61F5EA8C80086549C /* Frameworks */ = {
			isa = PBXFrameworksBuildPhase;
			buildActionMask = 2147483647;
			files = (
			);
			runOnlyForDeploymentPostprocessing = 0;
		};
		2EB784C11F5EA8C80086549C /* Frameworks */ = {
			isa = PBXFrameworksBuildPhase;
			buildActionMask = 2147483647;
			files = (
			);
			runOnlyForDeploymentPostprocessing = 0;
		};
/* End PBXFrameworksBuildPhase section */

/* Begin PBXGroup section */
		2EB784971F5EA8C80086549C = {
			isa = PBXGroup;
			children = (
				2EB784A21F5EA8C80086549C /* TableViewIndex */,
				2EB784BC1F5EA8C80086549C /* TableViewIndexTests */,
				2EB784C71F5EA8C80086549C /* TableViewIndexUITests */,
				2EB784A11F5EA8C80086549C /* Products */,
			);
			sourceTree = "<group>";
		};
		2EB784A11F5EA8C80086549C /* Products */ = {
			isa = PBXGroup;
			children = (
				2EB784A01F5EA8C80086549C /* TableViewIndex.app */,
				2EB784B91F5EA8C80086549C /* TableViewIndexTests.xctest */,
				2EB784C41F5EA8C80086549C /* TableViewIndexUITests.xctest */,
			);
			name = Products;
			sourceTree = "<group>";
		};
		2EB784A21F5EA8C80086549C /* TableViewIndex */ = {
			isa = PBXGroup;
			children = (
				2EB784EA1F5FAE340086549C /* MJExtension */,
				2EB784D61F5EA9040086549C /* TableViewSectionIndex */,
				2EB784DD1F5EA92F0086549C /* AppDelegate */,
				2EB784E01F5EA92F0086549C /* ViewController */,
				2EB784A31F5EA8C80086549C /* Supporting Files */,
			);
			path = TableViewIndex;
			sourceTree = "<group>";
		};
		2EB784A31F5EA8C80086549C /* Supporting Files */ = {
			isa = PBXGroup;
			children = (
				2EB784E51F5FAD600086549C /* friends.plist */,
				2EB784AC1F5EA8C80086549C /* Main.storyboard */,
				2EB784AF1F5EA8C80086549C /* Assets.xcassets */,
				2EB784B11F5EA8C80086549C /* LaunchScreen.storyboard */,
				2EB784B41F5EA8C80086549C /* Info.plist */,
				2EB784A41F5EA8C80086549C /* main.m */,
			);
			name = "Supporting Files";
			sourceTree = "<group>";
		};
		2EB784BC1F5EA8C80086549C /* TableViewIndexTests */ = {
			isa = PBXGroup;
			children = (
				2EB784BD1F5EA8C80086549C /* TableViewIndexTests.m */,
				2EB784BF1F5EA8C80086549C /* Info.plist */,
			);
			path = TableViewIndexTests;
			sourceTree = "<group>";
		};
		2EB784C71F5EA8C80086549C /* TableViewIndexUITests */ = {
			isa = PBXGroup;
			children = (
				2EB784C81F5EA8C80086549C /* TableViewIndexUITests.m */,
				2EB784CA1F5EA8C80086549C /* Info.plist */,
			);
			path = TableViewIndexUITests;
			sourceTree = "<group>";
		};
		2EB784D61F5EA9040086549C /* TableViewSectionIndex */ = {
			isa = PBXGroup;
			children = (
				2EB784D71F5EA9040086549C /* SectionIndexItem.h */,
				2EB784D81F5EA9040086549C /* SectionIndexItem.m */,
				2EB784D91F5EA9040086549C /* SectionIndexView.h */,
				2EB784DA1F5EA9040086549C /* SectionIndexView.m */,
			);
			path = TableViewSectionIndex;
			sourceTree = "<group>";
		};
		2EB784DD1F5EA92F0086549C /* AppDelegate */ = {
			isa = PBXGroup;
			children = (
				2EB784DE1F5EA92F0086549C /* AppDelegate.h */,
				2EB784DF1F5EA92F0086549C /* AppDelegate.m */,
			);
			path = AppDelegate;
			sourceTree = "<group>";
		};
		2EB784E01F5EA92F0086549C /* ViewController */ = {
			isa = PBXGroup;
			children = (
				2EB784E11F5EA92F0086549C /* ViewController.h */,
				2EB784E21F5EA92F0086549C /* ViewController.m */,
				2EB784E71F5FADE10086549C /* FriendModel.h */,
				2EB784E81F5FADE10086549C /* FriendModel.m */,
				2EB7850A1F5FAEB20086549C /* THDepModelTool.h */,
				2EB7850B1F5FAEB20086549C /* THDepModelTool.m */,
			);
			path = ViewController;
			sourceTree = "<group>";
		};
		2EB784EA1F5FAE340086549C /* MJExtension */ = {
			isa = PBXGroup;
			children = (
				2EB784EB1F5FAE340086549C /* MJExtension.h */,
				2EB784EC1F5FAE340086549C /* MJExtensionConst.h */,
				2EB784ED1F5FAE340086549C /* MJExtensionConst.m */,
				2EB784EE1F5FAE340086549C /* MJFoundation.h */,
				2EB784EF1F5FAE340086549C /* MJFoundation.m */,
				2EB784F01F5FAE340086549C /* MJProperty.h */,
				2EB784F11F5FAE340086549C /* MJProperty.m */,
				2EB784F21F5FAE340086549C /* MJPropertyKey.h */,
				2EB784F31F5FAE340086549C /* MJPropertyKey.m */,
				2EB784F41F5FAE340086549C /* MJPropertyType.h */,
				2EB784F51F5FAE340086549C /* MJPropertyType.m */,
				2EB784F61F5FAE340086549C /* NSObject+MJClass.h */,
				2EB784F71F5FAE340086549C /* NSObject+MJClass.m */,
				2EB784F81F5FAE340086549C /* NSObject+MJCoding.h */,
				2EB784F91F5FAE340086549C /* NSObject+MJCoding.m */,
				2EB784FA1F5FAE340086549C /* NSObject+MJKeyValue.h */,
				2EB784FB1F5FAE340086549C /* NSObject+MJKeyValue.m */,
				2EB784FC1F5FAE340086549C /* NSObject+MJProperty.h */,
				2EB784FD1F5FAE340086549C /* NSObject+MJProperty.m */,
				2EB784FE1F5FAE340086549C /* NSString+MJExtension.h */,
				2EB784FF1F5FAE340086549C /* NSString+MJExtension.m */,
			);
			path = MJExtension;
			sourceTree = "<group>";
		};
/* End PBXGroup section */

/* Begin PBXNativeTarget section */
		2EB7849F1F5EA8C80086549C /* TableViewIndex */ = {
			isa = PBXNativeTarget;
			buildConfigurationList = 2EB784CD1F5EA8C80086549C /* Build configuration list for PBXNativeTarget "TableViewIndex" */;
			buildPhases = (
				2EB7849C1F5EA8C80086549C /* Sources */,
				2EB7849D1F5EA8C80086549C /* Frameworks */,
				2EB7849E1F5EA8C80086549C /* Resources */,
			);
			buildRules = (
			);
			dependencies = (
			);
			name = TableViewIndex;
			productName = TableViewIndex;
			productReference = 2EB784A01F5EA8C80086549C /* TableViewIndex.app */;
			productType = "com.apple.product-type.application";
		};
		2EB784B81F5EA8C80086549C /* TableViewIndexTests */ = {
			isa = PBXNativeTarget;
			buildConfigurationList = 2EB784D01F5EA8C80086549C /* Build configuration list for PBXNativeTarget "TableViewIndexTests" */;
			buildPhases = (
				2EB784B51F5EA8C80086549C /* Sources */,
				2EB784B61F5EA8C80086549C /* Frameworks */,
				2EB784B71F5EA8C80086549C /* Resources */,
			);
			buildRules = (
			);
			dependencies = (
				2EB784BB1F5EA8C80086549C /* PBXTargetDependency */,
			);
			name = TableViewIndexTests;
			productName = TableViewIndexTests;
			productReference = 2EB784B91F5EA8C80086549C /* TableViewIndexTests.xctest */;
			productType = "com.apple.product-type.bundle.unit-test";
		};
		2EB784C31F5EA8C80086549C /* TableViewIndexUITests */ = {
			isa = PBXNativeTarget;
			buildConfigurationList = 2EB784D31F5EA8C80086549C /* Build configuration list for PBXNativeTarget "TableViewIndexUITests" */;
			buildPhases = (
				2EB784C01F5EA8C80086549C /* Sources */,
				2EB784C11F5EA8C80086549C /* Frameworks */,
				2EB784C21F5EA8C80086549C /* Resources */,
			);
			buildRules = (
			);
			dependencies = (
				2EB784C61F5EA8C80086549C /* PBXTargetDependency */,
			);
			name = TableViewIndexUITests;
			productName = TableViewIndexUITests;
			productReference = 2EB784C41F5EA8C80086549C /* TableViewIndexUITests.xctest */;
			productType = "com.apple.product-type.bundle.ui-testing";
		};
/* End PBXNativeTarget section */

/* Begin PBXProject section */
		2EB784981F5EA8C80086549C /* Project object */ = {
			isa = PBXProject;
			attributes = {
				LastUpgradeCheck = 0830;
				ORGANIZATIONNAME = lujh;
				TargetAttributes = {
					2EB7849F1F5EA8C80086549C = {
						CreatedOnToolsVersion = 8.3.3;
						DevelopmentTeam = X87UGUUQ2J;
						ProvisioningStyle = Automatic;
					};
					2EB784B81F5EA8C80086549C = {
						CreatedOnToolsVersion = 8.3.3;
						ProvisioningStyle = Automatic;
						TestTargetID = 2EB7849F1F5EA8C80086549C;
					};
					2EB784C31F5EA8C80086549C = {
						CreatedOnToolsVersion = 8.3.3;
						ProvisioningStyle = Automatic;
						TestTargetID = 2EB7849F1F5EA8C80086549C;
					};
				};
			};
			buildConfigurationList = 2EB7849B1F5EA8C80086549C /* Build configuration list for PBXProject "TableViewIndex" */;
			compatibilityVersion = "Xcode 3.2";
			developmentRegion = English;
			hasScannedForEncodings = 0;
			knownRegions = (
				en,
				Base,
			);
			mainGroup = 2EB784971F5EA8C80086549C;
			productRefGroup = 2EB784A11F5EA8C80086549C /* Products */;
			projectDirPath = "";
			projectRoot = "";
			targets = (
				2EB7849F1F5EA8C80086549C /* TableViewIndex */,
				2EB784B81F5EA8C80086549C /* TableViewIndexTests */,
				2EB784C31F5EA8C80086549C /* TableViewIndexUITests */,
			);
		};
/* End PBXProject section */

/* Begin PBXResourcesBuildPhase section */
		2EB7849E1F5EA8C80086549C /* Resources */ = {
			isa = PBXResourcesBuildPhase;
			buildActionMask = 2147483647;
			files = (
				2EB784B31F5EA8C80086549C /* LaunchScreen.storyboard in Resources */,
				2EB784B01F5EA8C80086549C /* Assets.xcassets in Resources */,
				2EB784E61F5FAD600086549C /* friends.plist in Resources */,
				2EB784AE1F5EA8C80086549C /* Main.storyboard in Resources */,
			);
			runOnlyForDeploymentPostprocessing = 0;
		};
		2EB784B71F5EA8C80086549C /* Resources */ = {
			isa = PBXResourcesBuildPhase;
			buildActionMask = 2147483647;
			files = (
			);
			runOnlyForDeploymentPostprocessing = 0;
		};
		2EB784C21F5EA8C80086549C /* Resources */ = {
			isa = PBXResourcesBuildPhase;
			buildActionMask = 2147483647;
			files = (
			);
			runOnlyForDeploymentPostprocessing = 0;
		};
/* End PBXResourcesBuildPhase section */

/* Begin PBXSourcesBuildPhase section */
		2EB7849C1F5EA8C80086549C /* Sources */ = {
			isa = PBXSourcesBuildPhase;
			buildActionMask = 2147483647;
			files = (
				2EB784E41F5EA92F0086549C /* ViewController.m in Sources */,
				2EB784E91F5FADE10086549C /* FriendModel.m in Sources */,
				2EB785001F5FAE340086549C /* MJExtensionConst.m in Sources */,
				2EB784DC1F5EA9040086549C /* SectionIndexView.m in Sources */,
				2EB785021F5FAE340086549C /* MJProperty.m in Sources */,
				2EB785041F5FAE340086549C /* MJPropertyType.m in Sources */,
				2EB784E31F5EA92F0086549C /* AppDelegate.m in Sources */,
				2EB785081F5FAE340086549C /* NSObject+MJProperty.m in Sources */,
				2EB785091F5FAE340086549C /* NSString+MJExtension.m in Sources */,
				2EB785061F5FAE340086549C /* NSObject+MJCoding.m in Sources */,
				2EB784DB1F5EA9040086549C /* SectionIndexItem.m in Sources */,
				2EB785031F5FAE340086549C /* MJPropertyKey.m in Sources */,
				2EB785071F5FAE340086549C /* NSObject+MJKeyValue.m in Sources */,
				2EB7850C1F5FAEB20086549C /* THDepModelTool.m in Sources */,
				2EB785051F5FAE340086549C /* NSObject+MJClass.m in Sources */,
				2EB784A51F5EA8C80086549C /* main.m in Sources */,
				2EB785011F5FAE340086549C /* MJFoundation.m in Sources */,
			);
			runOnlyForDeploymentPostprocessing = 0;
		};
		2EB784B51F5EA8C80086549C /* Sources */ = {
			isa = PBXSourcesBuildPhase;
			buildActionMask = 2147483647;
			files = (
				2EB784BE1F5EA8C80086549C /* TableViewIndexTests.m in Sources */,
			);
			runOnlyForDeploymentPostprocessing = 0;
		};
		2EB784C01F5EA8C80086549C /* Sources */ = {
			isa = PBXSourcesBuildPhase;
			buildActionMask = 2147483647;
			files = (
				2EB784C91F5EA8C80086549C /* TableViewIndexUITests.m in Sources */,
			);
			runOnlyForDeploymentPostprocessing = 0;
		};
/* End PBXSourcesBuildPhase section */

/* Begin PBXTargetDependency section */
		2EB784BB1F5EA8C80086549C /* PBXTargetDependency */ = {
			isa = PBXTargetDependency;
			target = 2EB7849F1F5EA8C80086549C /* TableViewIndex */;
			targetProxy = 2EB784BA1F5EA8C80086549C /* PBXContainerItemProxy */;
		};
		2EB784C61F5EA8C80086549C /* PBXTargetDependency */ = {
			isa = PBXTargetDependency;
			target = 2EB7849F1F5EA8C80086549C /* TableViewIndex */;
			targetProxy = 2EB784C51F5EA8C80086549C /* PBXContainerItemProxy */;
		};
/* End PBXTargetDependency section */

/* Begin PBXVariantGroup section */
		2EB784AC1F5EA8C80086549C /* Main.storyboard */ = {
			isa = PBXVariantGroup;
			children = (
				2EB784AD1F5EA8C80086549C /* Base */,
			);
			name = Main.storyboard;
			sourceTree = "<group>";
		};
		2EB784B11F5EA8C80086549C /* LaunchScreen.storyboard */ = {
			isa = PBXVariantGroup;
			children = (
				2EB784B21F5EA8C80086549C /* Base */,
			);
			name = LaunchScreen.storyboard;
			sourceTree = "<group>";
		};
/* End PBXVariantGroup section */

/* Begin XCBuildConfiguration section */
		2EB784CB1F5EA8C80086549C /* Debug */ = {
			isa = XCBuildConfiguration;
			buildSettings = {
				ALWAYS_SEARCH_USER_PATHS = NO;
				CLANG_ANALYZER_NONNULL = YES;
				CLANG_ANALYZER_NUMBER_OBJECT_CONVERSION = YES_AGGRESSIVE;
				CLANG_CXX_LANGUAGE_STANDARD = "gnu++0x";
				CLANG_CXX_LIBRARY = "libc++";
				CLANG_ENABLE_MODULES = YES;
				CLANG_ENABLE_OBJC_ARC = YES;
				CLANG_WARN_BOOL_CONVERSION = YES;
				CLANG_WARN_CONSTANT_CONVERSION = YES;
				CLANG_WARN_DIRECT_OBJC_ISA_USAGE = YES_ERROR;
				CLANG_WARN_DOCUMENTATION_COMMENTS = YES;
				CLANG_WARN_EMPTY_BODY = YES;
				CLANG_WARN_ENUM_CONVERSION = YES;
				CLANG_WARN_INFINITE_RECURSION = YES;
				CLANG_WARN_INT_CONVERSION = YES;
				CLANG_WARN_OBJC_ROOT_CLASS = YES_ERROR;
				CLANG_WARN_SUSPICIOUS_MOVE = YES;
				CLANG_WARN_UNREACHABLE_CODE = YES;
				CLANG_WARN__DUPLICATE_METHOD_MATCH = YES;
				"CODE_SIGN_IDENTITY[sdk=iphoneos*]" = "iPhone Developer";
				COPY_PHASE_STRIP = NO;
				DEBUG_INFORMATION_FORMAT = dwarf;
				ENABLE_STRICT_OBJC_MSGSEND = YES;
				ENABLE_TESTABILITY = YES;
				GCC_C_LANGUAGE_STANDARD = gnu99;
				GCC_DYNAMIC_NO_PIC = NO;
				GCC_NO_COMMON_BLOCKS = YES;
				GCC_OPTIMIZATION_LEVEL = 0;
				GCC_PREPROCESSOR_DEFINITIONS = (
					"DEBUG=1",
					"$(inherited)",
				);
				GCC_WARN_64_TO_32_BIT_CONVERSION = YES;
				GCC_WARN_ABOUT_RETURN_TYPE = YES_ERROR;
				GCC_WARN_UNDECLARED_SELECTOR = YES;
				GCC_WARN_UNINITIALIZED_AUTOS = YES_AGGRESSIVE;
				GCC_WARN_UNUSED_FUNCTION = YES;
				GCC_WARN_UNUSED_VARIABLE = YES;
				IPHONEOS_DEPLOYMENT_TARGET = 10.3;
				MTL_ENABLE_DEBUG_INFO = YES;
				ONLY_ACTIVE_ARCH = YES;
				SDKROOT = iphoneos;
				TARGETED_DEVICE_FAMILY = "1,2";
			};
			name = Debug;
		};
		2EB784CC1F5EA8C80086549C /* Release */ = {
			isa = XCBuildConfiguration;
			buildSettings = {
				ALWAYS_SEARCH_USER_PATHS = NO;
				CLANG_ANALYZER_NONNULL = YES;
				CLANG_ANALYZER_NUMBER_OBJECT_CONVERSION = YES_AGGRESSIVE;
				CLANG_CXX_LANGUAGE_STANDARD = "gnu++0x";
				CLANG_CXX_LIBRARY = "libc++";
				CLANG_ENABLE_MODULES = YES;
				CLANG_ENABLE_OBJC_ARC = YES;
				CLANG_WARN_BOOL_CONVERSION = YES;
				CLANG_WARN_CONSTANT_CONVERSION = YES;
				CLANG_WARN_DIRECT_OBJC_ISA_USAGE = YES_ERROR;
				CLANG_WARN_DOCUMENTATION_COMMENTS = YES;
				CLANG_WARN_EMPTY_BODY = YES;
				CLANG_WARN_ENUM_CONVERSION = YES;
				CLANG_WARN_INFINITE_RECURSION = YES;
				CLANG_WARN_INT_CONVERSION = YES;
				CLANG_WARN_OBJC_ROOT_CLASS = YES_ERROR;
				CLANG_WARN_SUSPICIOUS_MOVE = YES;
				CLANG_WARN_UNREACHABLE_CODE = YES;
				CLANG_WARN__DUPLICATE_METHOD_MATCH = YES;
				"CODE_SIGN_IDENTITY[sdk=iphoneos*]" = "iPhone Developer";
				COPY_PHASE_STRIP = NO;
				DEBUG_INFORMATION_FORMAT = "dwarf-with-dsym";
				ENABLE_NS_ASSERTIONS = NO;
				ENABLE_STRICT_OBJC_MSGSEND = YES;
				GCC_C_LANGUAGE_STANDARD = gnu99;
				GCC_NO_COMMON_BLOCKS = YES;
				GCC_WARN_64_TO_32_BIT_CONVERSION = YES;
				GCC_WARN_ABOUT_RETURN_TYPE = YES_ERROR;
				GCC_WARN_UNDECLARED_SELECTOR = YES;
				GCC_WARN_UNINITIALIZED_AUTOS = YES_AGGRESSIVE;
				GCC_WARN_UNUSED_FUNCTION = YES;
				GCC_WARN_UNUSED_VARIABLE = YES;
				IPHONEOS_DEPLOYMENT_TARGET = 10.3;
				MTL_ENABLE_DEBUG_INFO = NO;
				SDKROOT = iphoneos;
				TARGETED_DEVICE_FAMILY = "1,2";
				VALIDATE_PRODUCT = YES;
			};
			name = Release;
		};
		2EB784CE1F5EA8C80086549C /* Debug */ = {
			isa = XCBuildConfiguration;
			buildSettings = {
				ASSETCATALOG_COMPILER_APPICON_NAME = AppIcon;
				DEVELOPMENT_TEAM = X87UGUUQ2J;
				INFOPLIST_FILE = TableViewIndex/Info.plist;
				LD_RUNPATH_SEARCH_PATHS = "$(inherited) @executable_path/Frameworks";
				PRODUCT_BUNDLE_IDENTIFIER = lujh.TableViewIndex;
				PRODUCT_NAME = "$(TARGET_NAME)";
			};
			name = Debug;
		};
		2EB784CF1F5EA8C80086549C /* Release */ = {
			isa = XCBuildConfiguration;
			buildSettings = {
				ASSETCATALOG_COMPILER_APPICON_NAME = AppIcon;
				DEVELOPMENT_TEAM = X87UGUUQ2J;
				INFOPLIST_FILE = TableViewIndex/Info.plist;
				LD_RUNPATH_SEARCH_PATHS = "$(inherited) @executable_path/Frameworks";
				PRODUCT_BUNDLE_IDENTIFIER = lujh.TableViewIndex;
				PRODUCT_NAME = "$(TARGET_NAME)";
			};
			name = Release;
		};
		2EB784D11F5EA8C80086549C /* Debug */ = {
			isa = XCBuildConfiguration;
			buildSettings = {
				BUNDLE_LOADER = "$(TEST_HOST)";
				INFOPLIST_FILE = TableViewIndexTests/Info.plist;
				LD_RUNPATH_SEARCH_PATHS = "$(inherited) @executable_path/Frameworks @loader_path/Frameworks";
				PRODUCT_BUNDLE_IDENTIFIER = lujh.TableViewIndexTests;
				PRODUCT_NAME = "$(TARGET_NAME)";
				TEST_HOST = "$(BUILT_PRODUCTS_DIR)/TableViewIndex.app/TableViewIndex";
			};
			name = Debug;
		};
		2EB784D21F5EA8C80086549C /* Release */ = {
			isa = XCBuildConfiguration;
			buildSettings = {
				BUNDLE_LOADER = "$(TEST_HOST)";
				INFOPLIST_FILE = TableViewIndexTests/Info.plist;
				LD_RUNPATH_SEARCH_PATHS = "$(inherited) @executable_path/Frameworks @loader_path/Frameworks";
				PRODUCT_BUNDLE_IDENTIFIER = lujh.TableViewIndexTests;
				PRODUCT_NAME = "$(TARGET_NAME)";
				TEST_HOST = "$(BUILT_PRODUCTS_DIR)/TableViewIndex.app/TableViewIndex";
			};
			name = Release;
		};
		2EB784D41F5EA8C80086549C /* Debug */ = {
			isa = XCBuildConfiguration;
			buildSettings = {
				INFOPLIST_FILE = TableViewIndexUITests/Info.plist;
				LD_RUNPATH_SEARCH_PATHS = "$(inherited) @executable_path/Frameworks @loader_path/Frameworks";
				PRODUCT_BUNDLE_IDENTIFIER = lujh.TableViewIndexUITests;
				PRODUCT_NAME = "$(TARGET_NAME)";
				TEST_TARGET_NAME = TableViewIndex;
			};
			name = Debug;
		};
		2EB784D51F5EA8C80086549C /* Release */ = {
			isa = XCBuildConfiguration;
			buildSettings = {
				INFOPLIST_FILE = TableViewIndexUITests/Info.plist;
				LD_RUNPATH_SEARCH_PATHS = "$(inherited) @executable_path/Frameworks @loader_path/Frameworks";
				PRODUCT_BUNDLE_IDENTIFIER = lujh.TableViewIndexUITests;
				PRODUCT_NAME = "$(TARGET_NAME)";
				TEST_TARGET_NAME = TableViewIndex;
			};
			name = Release;
		};
/* End XCBuildConfiguration section */

/* Begin XCConfigurationList section */
		2EB7849B1F5EA8C80086549C /* Build configuration list for PBXProject "TableViewIndex" */ = {
			isa = XCConfigurationList;
			buildConfigurations = (
				2EB784CB1F5EA8C80086549C /* Debug */,
				2EB784CC1F5EA8C80086549C /* Release */,
			);
			defaultConfigurationIsVisible = 0;
			defaultConfigurationName = Release;
		};
		2EB784CD1F5EA8C80086549C /* Build configuration list for PBXNativeTarget "TableViewIndex" */ = {
			isa = XCConfigurationList;
			buildConfigurations = (
				2EB784CE1F5EA8C80086549C /* Debug */,
				2EB784CF1F5EA8C80086549C /* Release */,
			);
			defaultConfigurationIsVisible = 0;
			defaultConfigurationName = Release;
		};
		2EB784D01F5EA8C80086549C /* Build configuration list for PBXNativeTarget "TableViewIndexTests" */ = {
			isa = XCConfigurationList;
			buildConfigurations = (
				2EB784D11F5EA8C80086549C /* Debug */,
				2EB784D21F5EA8C80086549C /* Release */,
			);
			defaultConfigurationIsVisible = 0;
			defaultConfigurationName = Release;
		};
		2EB784D31F5EA8C80086549C /* Build configuration list for PBXNativeTarget "TableViewIndexUITests" */ = {
			isa = XCConfigurationList;
			buildConfigurations = (
				2EB784D41F5EA8C80086549C /* Debug */,
				2EB784D51F5EA8C80086549C /* Release */,
			);
			defaultConfigurationIsVisible = 0;
			defaultConfigurationName = Release;
		};
/* End XCConfigurationList section */
	};
	rootObject = 2EB784981F5EA8C80086549C /* Project object */;
}
